
Microsoft Visual Studio Solution File, Format Version 12.00
# Visual Studio 15
VisualStudioVersion = 15.0.28010.2026
MinimumVisualStudioVersion = 10.0.40219.1
Project("{FAE04EC0-301F-11D3-BF4B-00C04F79EFBC}") = "MCC", "MCC\MCC.csproj", "{1FBC5EF7-7562-4CC7-B1F7-5FB0BFB4A0B3}"
EndProject
Global
	GlobalSection(SolutionConfigurationPlatforms) = preSolution
		Debug|Any CPU = Debug|Any CPU
		Release|Any CPU = Release|Any CPU
	EndGlobalSection
	GlobalSection(ProjectConfigurationPlatforms) = postSolution
		{1FBC5EF7-7562-4CC7-B1F7-5FB0BFB4A0B3}.Debug|Any CPU.ActiveCfg = Debug|Any CPU
		{1FBC5EF7-7562-4CC7-B1F7-5FB0BFB4A0B3}.Debug|Any CPU.Build.0 = Debug|Any CPU
		{1FBC5EF7-7562-4CC7-B1F7-5FB0BFB4A0B3}.Release|Any CPU.ActiveCfg = Release|Any CPU
		{1FBC5EF7-7562-4CC7-B1F7-5FB0BFB4A0B3}.Release|Any CPU.Build.0 = Release|Any CPU
	EndGlobalSection
	GlobalSection(SolutionProperties) = preSolution
		HideSolutionNode = FALSE
	EndGlobalSection
	GlobalSection(ExtensibilityGlobals) = postSolution
		SolutionGuid = {DA78BCB7-AA42-478A-B538-0B1D58D4A980}
	EndGlobalSection
EndGlobal
